PODS:
  - Flutter (1.0.0)
  - toast_plugin (0.0.1):
    - Flutter

DEPENDENCIES:
  - Flutter (from `Flutter`)
  - toast_plugin (from `.symlinks/plugins/toast_plugin/ios`)

EXTERNAL SOURCES:
  Flutter:
    :path: Flutter
  toast_plugin:
    :path: ".symlinks/plugins/toast_plugin/ios"

SPEC CHECKSUMS:
  Flutter: 0e3d915762c693b495b44d77113d4970485de6ec
  toast_plugin: 778b0b71130cfa879cb47c498741f4072977e183

PODFILE CHECKSUM: 8e679eca47255a8ca8067c4c67aab20e64cb974d

COCOAPODS: 1.9.3
